
Microsoft Visual Studio Solution File, Format Version 12.00
# Visual Studio Version 17
VisualStudioVersion = 17.14.36811.4 d17.14
MinimumVisualStudioVersion = 10.0.40219.1
Project("{FAE04EC0-301F-11D3-BF4B-00C04F79EFBC}") = "Day-4 Enum", "Day-4 Enum.csproj", "{729DACB0-1535-4165-85C7-382E649690B6}"
EndProject
Global
	GlobalSection(SolutionConfigurationPlatforms) = preSolution
		Debug|Any CPU = Debug|Any CPU
		Release|Any CPU = Release|Any CPU
	EndGlobalSection
	GlobalSection(ProjectConfigurationPlatforms) = postSolution
		{729DACB0-1535-4165-85C7-382E649690B6}.Debug|Any CPU.ActiveCfg = Debug|Any CPU
		{729DACB0-1535-4165-85C7-382E649690B6}.Debug|Any CPU.Build.0 = Debug|Any CPU
		{729DACB0-1535-4165-85C7-382E649690B6}.Release|Any CPU.ActiveCfg = Release|Any CPU
		{729DACB0-1535-4165-85C7-382E649690B6}.Release|Any CPU.Build.0 = Release|Any CPU
	EndGlobalSection
	GlobalSection(SolutionProperties) = preSolution
		HideSolutionNode = FALSE
	EndGlobalSection
	GlobalSection(ExtensibilityGlobals) = postSolution
		SolutionGuid = {63F4B6F4-2FE0-4828-AA36-823BAA06E60E}
	EndGlobalSection
EndGlobal
